
Microsoft Visual Studio Solution File, Format Version 12.00
# Visual Studio Version 17
VisualStudioVersion = 17.5.33318.248
MinimumVisualStudioVersion = 10.0.40219.1
Project("{FAE04EC0-301F-11D3-BF4B-00C04F79EFBC}") = "BethanyPieShop", "BethanyPieShop\BethanyPieShop.csproj", "{B6F3A335-CBE5-4930-95FF-A2082CD8C6D5}"
EndProject
Global
	GlobalSection(SolutionConfigurationPlatforms) = preSolution
		Debug|Any CPU = Debug|Any CPU
		Release|Any CPU = Release|Any CPU
	EndGlobalSection
	GlobalSection(ProjectConfigurationPlatforms) = postSolution
		{B6F3A335-CBE5-4930-95FF-A2082CD8C6D5}.Debug|Any CPU.ActiveCfg = Debug|Any CPU
		{B6F3A335-CBE5-4930-95FF-A2082CD8C6D5}.Debug|Any CPU.Build.0 = Debug|Any CPU
		{B6F3A335-CBE5-4930-95FF-A2082CD8C6D5}.Release|Any CPU.ActiveCfg = Release|Any CPU
		{B6F3A335-CBE5-4930-95FF-A2082CD8C6D5}.Release|Any CPU.Build.0 = Release|Any CPU
	EndGlobalSection
	GlobalSection(SolutionProperties) = preSolution
		HideSolutionNode = FALSE
	EndGlobalSection
	GlobalSection(ExtensibilityGlobals) = postSolution
		SolutionGuid = {7E60F318-9C39-4AE2-9E24-6A9E71FBDCD7}
	EndGlobalSection
EndGlobal
